{
  "requires": true,
  "lockfileVersion": 1,
  "dependencies": {
    "@types/codemirror": {
      "version": "0.0.71",
      "resolved": "https://registry.npmjs.org/@types/codemirror/-/codemirror-0.0.71.tgz",
      "integrity": "sha512-b2oEEnno1LIGKMR7uBEsr40al1UijF1HEpRn0+Yf1xOLl24iQgB7DBpZVMM7y54G5wCNoclDrRO65E6KHPNO2w==",
      "requires": {
        "@types/tern": "*"
      }
    },
    "@types/estree": {
      "version": "0.0.39",
      "resolved": "https://registry.npmjs.org/@types/estree/-/estree-0.0.39.tgz",
      "integrity": "sha512-EYNwp3bU+98cpU4lAWYYL7Zz+2gryWH1qbdDTidVd6hkiR6weksdbMadyXKXNPEkQFhXM+hVO9ZygomHXp+AIw=="
    },
    "@types/jquery": {
      "version": "3.3.30",
      "resolved": "https://registry.npmjs.org/@types/jquery/-/jquery-3.3.30.tgz",
      "integrity": "sha512-chB+QbLulamShZAFcTJtl8opZwHFBpDOP6nRLrPGkhC6N1aKWrDXg2Nc71tEg6ny6E8SQpRwbWSi9GdstH5VJA==",
      "requires": {
        "@types/sizzle": "*"
      }
    },
    "@types/linkify-it": {
      "version": "2.1.0",
      "resolved": "https://registry.npmjs.org/@types/linkify-it/-/linkify-it-2.1.0.tgz",
      "integrity": "sha512-Q7DYAOi9O/+cLLhdaSvKdaumWyHbm7HAk/bFwwyTuU0arR5yyCeW5GOoqt4tJTpDRxhpx9Q8kQL6vMpuw9hDSw=="
    },
    "@types/markdown-it": {
      "version": "0.0.7",
      "resolved": "https://registry.npmjs.org/@types/markdown-it/-/markdown-it-0.0.7.tgz",
      "integrity": "sha512-WyL6pa76ollQFQNEaLVa41ZUUvDvPY+qAUmlsphnrpL6I9p1m868b26FyeoOmo7X3/Ta/S9WKXcEYXUSHnxoVQ==",
      "requires": {
        "@types/linkify-it": "*"
      }
    },
    "@types/sizzle": {
      "version": "2.3.2",
      "resolved": "https://registry.npmjs.org/@types/sizzle/-/sizzle-2.3.2.tgz",
      "integrity": "sha512-7EJYyKTL7tFR8+gDbB6Wwz/arpGa0Mywk1TJbNzKzHtzbwVmY4HR9WqS5VV7dsBUKQmPNr192jHr/VpBluj/hg=="
    },
    "@types/tern": {
      "version": "0.23.3",
      "resolved": "https://registry.npmjs.org/@types/tern/-/tern-0.23.3.tgz",
      "integrity": "sha512-imDtS4TAoTcXk0g7u4kkWqedB3E4qpjXzCpD2LU5M5NAXHzCDsypyvXSaG7mM8DKYkCRa7tFp4tS/lp/Wo7Q3w==",
      "requires": {
        "@types/estree": "*"
      }
    },
    "ajv": {
      "version": "6.10.1",
      "resolved": "https://registry.npmjs.org/ajv/-/ajv-6.10.1.tgz",
      "integrity": "sha512-w1YQaVGNC6t2UCPjEawK/vo/dG8OOrVtUmhBT1uJJYxbl5kU2Tj3v6LGqBcsysN1yhuCStJCCA3GqdvKY8sqXQ==",
      "dev": true,
      "requires": {
        "fast-deep-equal": "^2.0.1",
        "fast-json-stable-stringify": "^2.0.0",
        "json-schema-traverse": "^0.4.1",
        "uri-js": "^4.2.2"
      }
    },
    "ajv-errors": {
      "version": "1.0.1",
      "resolved": "https://registry.npmjs.org/ajv-errors/-/ajv-errors-1.0.1.tgz",
      "integrity": "sha512-DCRfO/4nQ+89p/RK43i8Ezd41EqdGIU4ld7nGF8OQ14oc/we5rEntLCUa7+jrn3nn83BosfwZA0wb4pon2o8iQ==",
      "dev": true
    },
    "ajv-keywords": {
      "version": "3.4.1",
      "resolved": "https://registry.npmjs.org/ajv-keywords/-/ajv-keywords-3.4.1.tgz",
      "integrity": "sha512-RO1ibKvd27e6FEShVFfPALuHI3WjSVNeK5FIsmme/LYRNxjKuNj+Dt7bucLa6NdSv3JcVTyMlm9kGR84z1XpaQ==",
      "dev": true
    },
    "ansi-styles": {
      "version": "3.2.1",
      "resolved": "https://registry.npmjs.org/ansi-styles/-/ansi-styles-3.2.1.tgz",
      "integrity": "sha512-VT0ZI6kZRdTh8YyJw3SMbYm/u+NqfsAxEpWO0Pf9sq8/e94WxxOpPKx9FR1FlyCtOVDNOQ+8ntlqFxiRc+r5qA==",
      "dev": true,
      "requires": {
        "color-convert": "^1.9.0"
      }
    },
    "argparse": {
      "version": "1.0.10",
      "resolved": "https://registry.npmjs.org/argparse/-/argparse-1.0.10.tgz",
      "integrity": "sha512-o5Roy6tNG4SL/FOkCAN6RzjiakZS25RLYFrcMttJqbdd8BWrnA+fGz57iN5Pb06pvBGvl5gQ0B48dJlslXvoTg==",
      "requires": {
        "sprintf-js": "~1.0.2"
      }
    },
    "babel-polyfill": {
      "version": "6.26.0",
      "resolved": "https://registry.npmjs.org/babel-polyfill/-/babel-polyfill-6.26.0.tgz",
      "integrity": "sha1-N5k3q8Z9eJWXCtxiHyhM2WbPIVM=",
      "requires": {
        "babel-runtime": "^6.26.0",
        "core-js": "^2.5.0",
        "regenerator-runtime": "^0.10.5"
      }
    },
    "babel-runtime": {
      "version": "6.26.0",
      "resolved": "https://registry.npmjs.org/babel-runtime/-/babel-runtime-6.26.0.tgz",
      "integrity": "sha1-llxwWGaOgrVde/4E/yM3vItWR/4=",
      "requires": {
        "core-js": "^2.4.0",
        "regenerator-runtime": "^0.11.0"
      },
      "dependencies": {
        "regenerator-runtime": {
          "version": "0.11.1",
          "resolved": "https://registry.npmjs.org/regenerator-runtime/-/regenerator-runtime-0.11.1.tgz",
          "integrity": "sha512-MguG95oij0fC3QV3URf4V2SDYGJhJnJGqvIIgdECeODCT98wSWDAJ94SSuVpYQUoTcGUIL6L4yNB7j1DFFHSBg=="
        }
      }
    },
    "big.js": {
      "version": "5.2.2",
      "resolved": "https://registry.npmjs.org/big.js/-/big.js-5.2.2.tgz",
      "integrity": "sha512-vyL2OymJxmarO8gxMr0mhChsO9QGwhynfuu4+MHTAW6czfq9humCB7rKpUjDd9YUiDPU4mzpyupFSvOClAwbmQ==",
      "dev": true
    },
    "camelcase": {
      "version": "5.3.1",
      "resolved": "https://registry.npmjs.org/camelcase/-/camelcase-5.3.1.tgz",
      "integrity": "sha512-L28STB170nwWS63UjtlEOE3dldQApaJXZkOI1uMFfzf3rRuPegHaHesyee+YxQ+W6SvRDQV6UrdOdRiR153wJg==",
      "dev": true
    },
    "chalk": {
      "version": "2.4.2",
      "resolved": "https://registry.npmjs.org/chalk/-/chalk-2.4.2.tgz",
      "integrity": "sha512-Mti+f9lpJNcwF4tWV8/OrTTtF1gZi+f8FqlyAdouralcFWFQWF2+NgCHShjkCb+IFBLq9buZwE1xckQU4peSuQ==",
      "dev": true,
      "requires": {
        "ansi-styles": "^3.2.1",
        "escape-string-regexp": "^1.0.5",
        "supports-color": "^5.3.0"
      },
      "dependencies": {
        "supports-color": {
          "version": "5.5.0",
          "resolved": "https://registry.npmjs.org/supports-color/-/supports-color-5.5.0.tgz",
          "integrity": "sha512-QjVjwdXIt408MIiAqCX4oUKsgU2EqAGzs2Ppkm4aQYbjm+ZEWEcW4SfFNTr4uMNZma0ey4f5lgLrkB0aX0QMow==",
          "dev": true,
          "requires": {
            "has-flag": "^3.0.0"
          }
        }
      }
    },
    "codemirror": {
      "version": "5.48.0",
      "resolved": "https://registry.npmjs.org/codemirror/-/codemirror-5.48.0.tgz",
      "integrity": "sha512-3Ter+tYtRlTNtxtYdYNPxGxBL/b3cMcvPdPm70gvmcOO2Rauv/fUEewWa0tT596Hosv6ea2mtpx28OXBy1mQCg=="
    },
    "color-convert": {
      "version": "1.9.3",
      "resolved": "https://registry.npmjs.org/color-convert/-/color-convert-1.9.3.tgz",
      "integrity": "sha512-QfAUtd+vFdAtFQcC8CCyYt1fYWxSqAiK2cSD6zDB8N3cpsEBAvRxp9zOGg6G/SHHJYAT88/az/IuDGALsNVbGg==",
      "dev": true,
      "requires": {
        "color-name": "1.1.3"
      }
    },
    "color-name": {
      "version": "1.1.3",
      "resolved": "https://registry.npmjs.org/color-name/-/color-name-1.1.3.tgz",
      "integrity": "sha1-p9BVi9icQveV3UIyj3QIMcpTvCU=",
      "dev": true
    },
    "core-js": {
      "version": "2.6.9",
      "resolved": "https://registry.npmjs.org/core-js/-/core-js-2.6.9.tgz",
      "integrity": "sha512-HOpZf6eXmnl7la+cUdMnLvUxKNqLUzJvgIziQ0DiF3JwSImNphIqdGqzj6hIKyX04MmV0poclQ7+wjWvxQyR2A=="
    },
    "css-loader": {
      "version": "3.0.0",
      "resolved": "https://registry.npmjs.org/css-loader/-/css-loader-3.0.0.tgz",
      "integrity": "sha512-WR6KZuCkFbnMhRrGPlkwAA7SSCtwqPwpyXJAPhotYkYsc0mKU9n/fu5wufy4jl2WhBw9Ia8gUQMIp/1w98DuPw==",
      "dev": true,
      "requires": {
        "camelcase": "^5.3.1",
        "cssesc": "^3.0.0",
        "icss-utils": "^4.1.1",
        "loader-utils": "^1.2.3",
        "normalize-path": "^3.0.0",
        "postcss": "^7.0.17",
        "postcss-modules-extract-imports": "^2.0.0",
        "postcss-modules-local-by-default": "^3.0.2",
        "postcss-modules-scope": "^2.1.0",
        "postcss-modules-values": "^3.0.0",
        "postcss-value-parser": "^4.0.0",
        "schema-utils": "^1.0.0"
      }
    },
    "cssesc": {
      "version": "3.0.0",
      "resolved": "https://registry.npmjs.org/cssesc/-/cssesc-3.0.0.tgz",
      "integrity": "sha512-/Tb/JcjK111nNScGob5MNtsntNM1aCNUDipB/TkwZFhyDrrE47SOx/18wF2bbjgc3ZzCSKW1T5nt5EbFoAz/Vg==",
      "dev": true
    },
    "emojis-list": {
      "version": "2.1.0",
      "resolved": "https://registry.npmjs.org/emojis-list/-/emojis-list-2.1.0.tgz",
      "integrity": "sha1-TapNnbAPmBmIDHn6RXrlsJof04k=",
      "dev": true
    },
    "entities": {
      "version": "1.1.2",
      "resolved": "https://registry.npmjs.org/entities/-/entities-1.1.2.tgz",
      "integrity": "sha512-f2LZMYl1Fzu7YSBKg+RoROelpOaNrcGmE9AZubeDfrCEia483oW4MI4VyFd5VNHIgQ/7qm1I0wUHK1eJnn2y2w=="
    },
    "escape-string-regexp": {
      "version": "1.0.5",
      "resolved": "https://registry.npmjs.org/escape-string-regexp/-/escape-string-regexp-1.0.5.tgz",
      "integrity": "sha1-G2HAViGQqN/2rjuyzwIAyhMLhtQ=",
      "dev": true
    },
    "eve": {
      "version": "git://github.com/adobe-webplatform/eve.git#eef80ed8d188423c2272746fb8ae5cc8dad84cb1",
      "from": "git://github.com/adobe-webplatform/eve.git#eef80ed"
    },
    "fast-deep-equal": {
      "version": "2.0.1",
      "resolved": "https://registry.npmjs.org/fast-deep-equal/-/fast-deep-equal-2.0.1.tgz",
      "integrity": "sha1-ewUhjd+WZ79/Nwv3/bLLFf3Qqkk=",
      "dev": true
    },
    "fast-json-stable-stringify": {
      "version": "2.0.0",
      "resolved": "https://registry.npmjs.org/fast-json-stable-stringify/-/fast-json-stable-stringify-2.0.0.tgz",
      "integrity": "sha1-1RQsDK7msRifh9OnYREGT4bIu/I=",
      "dev": true
    },
    "file-loader": {
      "version": "4.0.0",
      "resolved": "https://registry.npmjs.org/file-loader/-/file-loader-4.0.0.tgz",
      "integrity": "sha512-roAbL6IdSGczwfXxhMi6Zq+jD4IfUpL0jWHD7fvmjdOVb7xBfdRUHe4LpBgO23VtVK5AW1OlWZo0p34Jvx3iWg==",
      "dev": true,
      "requires": {
        "loader-utils": "^1.2.2",
        "schema-utils": "^1.0.0"
      }
    },
    "has-flag": {
      "version": "3.0.0",
      "resolved": "https://registry.npmjs.org/has-flag/-/has-flag-3.0.0.tgz",
      "integrity": "sha1-tdRU3CGZriJWmfNGfloH87lVuv0=",
      "dev": true
    },
    "highlight.js": {
      "version": "9.15.8",
      "resolved": "https://registry.npmjs.org/highlight.js/-/highlight.js-9.15.8.tgz",
      "integrity": "sha512-RrapkKQWwE+wKdF73VsOa2RQdIoO3mxwJ4P8mhbI6KYJUraUHRKM5w5zQQKXNk0xNL4UVRdulV9SBJcmzJNzVA=="
    },
    "icss-utils": {
      "version": "4.1.1",
      "resolved": "https://registry.npmjs.org/icss-utils/-/icss-utils-4.1.1.tgz",
      "integrity": "sha512-4aFq7wvWyMHKgxsH8QQtGpvbASCf+eM3wPRLI6R+MgAnTCZ6STYsRvttLvRWK0Nfif5piF394St3HeJDaljGPA==",
      "dev": true,
      "requires": {
        "postcss": "^7.0.14"
      }
    },
    "indexes-of": {
      "version": "1.0.1",
      "resolved": "https://registry.npmjs.org/indexes-of/-/indexes-of-1.0.1.tgz",
      "integrity": "sha1-8w9xbI4r00bHtn0985FVZqfAVgc=",
      "dev": true
    },
    "jquery": {
      "version": "3.4.1",
      "resolved": "https://registry.npmjs.org/jquery/-/jquery-3.4.1.tgz",
      "integrity": "sha512-36+AdBzCL+y6qjw5Tx7HgzeGCzC81MDDgaUP8ld2zhx58HdqXGoBd+tHdrBMiyjGQs0Hxs/MLZTu/eHNJJuWPw=="
    },
    "json-schema-traverse": {
      "version": "0.4.1",
      "resolved": "https://registry.npmjs.org/json-schema-traverse/-/json-schema-traverse-0.4.1.tgz",
      "integrity": "sha512-xbbCH5dCYU5T8LcEhhuh7HJ88HXuW3qsI3Y0zOZFKfZEHcpWiHU/Jxzk629Brsab/mMiHQti9wMP+845RPe3Vg==",
      "dev": true
    },
    "json5": {
      "version": "1.0.1",
      "resolved": "https://registry.npmjs.org/json5/-/json5-1.0.1.tgz",
      "integrity": "sha512-aKS4WQjPenRxiQsC93MNfjx+nbF4PAdYzmd/1JIj8HYzqfbu86beTuNgXDzPknWk0n0uARlyewZo4s++ES36Ow==",
      "dev": true,
      "requires": {
        "minimist": "^1.2.0"
      }
    },
    "linkify-it": {
      "version": "2.1.0",
      "resolved": "https://registry.npmjs.org/linkify-it/-/linkify-it-2.1.0.tgz",
      "integrity": "sha512-4REs8/062kV2DSHxNfq5183zrqXMl7WP0WzABH9IeJI+NLm429FgE1PDecltYfnOoFDFlZGh2T8PfZn0r+GTRg==",
      "requires": {
        "uc.micro": "^1.0.1"
      }
    },
    "loader-utils": {
      "version": "1.2.3",
      "resolved": "https://registry.npmjs.org/loader-utils/-/loader-utils-1.2.3.tgz",
      "integrity": "sha512-fkpz8ejdnEMG3s37wGL07iSBDg99O9D5yflE9RGNH3hRdx9SOwYfnGYdZOUIZitN8E+E2vkq3MUMYMvPYl5ZZA==",
      "dev": true,
      "requires": {
        "big.js": "^5.2.2",
        "emojis-list": "^2.0.0",
        "json5": "^1.0.1"
      }
    },
    "markdown-it": {
      "version": "8.4.2",
      "resolved": "https://registry.npmjs.org/markdown-it/-/markdown-it-8.4.2.tgz",
      "integrity": "sha512-GcRz3AWTqSUphY3vsUqQSFMbgR38a4Lh3GWlHRh/7MRwz8mcu9n2IO7HOh+bXHrR9kOPDl5RNCaEsrneb+xhHQ==",
      "requires": {
        "argparse": "^1.0.7",
        "entities": "~1.1.1",
        "linkify-it": "^2.0.0",
        "mdurl": "^1.0.1",
        "uc.micro": "^1.0.5"
      }
    },
    "mdurl": {
      "version": "1.0.1",
      "resolved": "https://registry.npmjs.org/mdurl/-/mdurl-1.0.1.tgz",
      "integrity": "sha1-/oWy7HWlkDfyrf7BAP1sYBdhFS4="
    },
    "minimist": {
      "version": "1.2.0",
      "resolved": "https://registry.npmjs.org/minimist/-/minimist-1.2.0.tgz",
      "integrity": "sha1-o1AIsg9BOD7sH7kU9M1d95omQoQ=",
      "dev": true
    },
    "normalize-path": {
      "version": "3.0.0",
      "resolved": "https://registry.npmjs.org/normalize-path/-/normalize-path-3.0.0.tgz",
      "integrity": "sha512-6eZs5Ls3WtCisHWp9S2GUy8dqkpGi4BVSz3GaqiE6ezub0512ESztXUwUB6C6IKbQkY2Pnb/mD4WYojCRwcwLA==",
      "dev": true
    },
    "pako": {
      "version": "1.0.3",
      "resolved": "https://registry.npmjs.org/pako/-/pako-1.0.3.tgz",
      "integrity": "sha1-X1FbDGci4ZgpIK6ABerLC3ynPM8="
    },
    "plantuml-encoder": {
      "version": "1.2.5",
      "resolved": "https://registry.npmjs.org/plantuml-encoder/-/plantuml-encoder-1.2.5.tgz",
      "integrity": "sha512-viV7Sz+BJNX/sC3iyebh2VfLyAZKuu3+JuBs2ISms8+zoTGwPqwk3/WEDw/zROmGAJ/xD4sNd8zsBw/YmTo7ng==",
      "requires": {
        "pako": "1.0.3",
        "utf8-bytes": "0.0.1"
      }
    },
    "postcss": {
      "version": "7.0.17",
      "resolved": "https://registry.npmjs.org/postcss/-/postcss-7.0.17.tgz",
      "integrity": "sha512-546ZowA+KZ3OasvQZHsbuEpysvwTZNGJv9EfyCQdsIDltPSWHAeTQ5fQy/Npi2ZDtLI3zs7Ps/p6wThErhm9fQ==",
      "dev": true,
      "requires": {
        "chalk": "^2.4.2",
        "source-map": "^0.6.1",
        "supports-color": "^6.1.0"
      }
    },
    "postcss-modules-extract-imports": {
      "version": "2.0.0",
      "resolved": "https://registry.npmjs.org/postcss-modules-extract-imports/-/postcss-modules-extract-imports-2.0.0.tgz",
      "integrity": "sha512-LaYLDNS4SG8Q5WAWqIJgdHPJrDDr/Lv775rMBFUbgjTz6j34lUznACHcdRWroPvXANP2Vj7yNK57vp9eFqzLWQ==",
      "dev": true,
      "requires": {
        "postcss": "^7.0.5"
      }
    },
    "postcss-modules-local-by-default": {
      "version": "3.0.2",
      "resolved": "https://registry.npmjs.org/postcss-modules-local-by-default/-/postcss-modules-local-by-default-3.0.2.tgz",
      "integrity": "sha512-jM/V8eqM4oJ/22j0gx4jrp63GSvDH6v86OqyTHHUvk4/k1vceipZsaymiZ5PvocqZOl5SFHiFJqjs3la0wnfIQ==",
      "dev": true,
      "requires": {
        "icss-utils": "^4.1.1",
        "postcss": "^7.0.16",
        "postcss-selector-parser": "^6.0.2",
        "postcss-value-parser": "^4.0.0"
      }
    },
    "postcss-modules-scope": {
      "version": "2.1.0",
      "resolved": "https://registry.npmjs.org/postcss-modules-scope/-/postcss-modules-scope-2.1.0.tgz",
      "integrity": "sha512-91Rjps0JnmtUB0cujlc8KIKCsJXWjzuxGeT/+Q2i2HXKZ7nBUeF9YQTZZTNvHVoNYj1AthsjnGLtqDUE0Op79A==",
      "dev": true,
      "requires": {
        "postcss": "^7.0.6",
        "postcss-selector-parser": "^6.0.0"
      }
    },
    "postcss-modules-values": {
      "version": "3.0.0",
      "resolved": "https://registry.npmjs.org/postcss-modules-values/-/postcss-modules-values-3.0.0.tgz",
      "integrity": "sha512-1//E5jCBrZ9DmRX+zCtmQtRSV6PV42Ix7Bzj9GbwJceduuf7IqP8MgeTXuRDHOWj2m0VzZD5+roFWDuU8RQjcg==",
      "dev": true,
      "requires": {
        "icss-utils": "^4.0.0",
        "postcss": "^7.0.6"
      }
    },
    "postcss-selector-parser": {
      "version": "6.0.2",
      "resolved": "https://registry.npmjs.org/postcss-selector-parser/-/postcss-selector-parser-6.0.2.tgz",
      "integrity": "sha512-36P2QR59jDTOAiIkqEprfJDsoNrvwFei3eCqKd1Y0tUsBimsq39BLp7RD+JWny3WgB1zGhJX8XVePwm9k4wdBg==",
      "dev": true,
      "requires": {
        "cssesc": "^3.0.0",
        "indexes-of": "^1.0.1",
        "uniq": "^1.0.1"
      }
    },
    "postcss-value-parser": {
      "version": "4.0.0",
      "resolved": "https://registry.npmjs.org/postcss-value-parser/-/postcss-value-parser-4.0.0.tgz",
      "integrity": "sha512-ESPktioptiSUchCKgggAkzdmkgzKfmp0EU8jXH+5kbIUB+unr0Y4CY9SRMvibuvYUBjNh1ACLbxqYNpdTQOteQ==",
      "dev": true
    },
    "punycode": {
      "version": "2.1.1",
      "resolved": "https://registry.npmjs.org/punycode/-/punycode-2.1.1.tgz",
      "integrity": "sha512-XRsRjdf+j5ml+y/6GKHPZbrF/8p2Yga0JPtdqTIY2Xe5ohJPD9saDJJLPvp9+NSBprVvevdXZybnj2cv8OEd0A==",
      "dev": true
    },
    "raphael": {
      "version": "git+https://github.com/nhn/raphael.git#78a6ed3ec269f33b6457b0ec66f8c3d1f2ed70e0",
      "from": "git+https://github.com/nhn/raphael.git#2.2.0-c",
      "requires": {
        "eve": "git://github.com/adobe-webplatform/eve.git#eef80ed"
      }
    },
    "regenerator-runtime": {
      "version": "0.10.5",
      "resolved": "https://registry.npmjs.org/regenerator-runtime/-/regenerator-runtime-0.10.5.tgz",
      "integrity": "sha1-M2w+/BIgrc7dosn6tntaeVWjNlg="
    },
    "resize-observer-polyfill": {
      "version": "1.5.1",
      "resolved": "https://registry.npmjs.org/resize-observer-polyfill/-/resize-observer-polyfill-1.5.1.tgz",
      "integrity": "sha512-LwZrotdHOo12nQuZlHEmtuXdqGoOD0OhaxopaNFxWzInpEgaLWoVuAMbTzixuosCx2nEG58ngzW3vxdWoxIgdg=="
    },
    "schema-utils": {
      "version": "1.0.0",
      "resolved": "https://registry.npmjs.org/schema-utils/-/schema-utils-1.0.0.tgz",
      "integrity": "sha512-i27Mic4KovM/lnGsy8whRCHhc7VicJajAjTrYg11K9zfZXnYIt4k5F+kZkwjnrhKzLic/HLU4j11mjsz2G/75g==",
      "dev": true,
      "requires": {
        "ajv": "^6.1.0",
        "ajv-errors": "^1.0.0",
        "ajv-keywords": "^3.1.0"
      }
    },
    "source-map": {
      "version": "0.6.1",
      "resolved": "https://registry.npmjs.org/source-map/-/source-map-0.6.1.tgz",
      "integrity": "sha512-UjgapumWlbMhkBgzT7Ykc5YXUT46F0iKu8SGXq0bcwP5dz/h0Plj6enJqjz1Zbq2l5WaqYnrVbwWOWMyF3F47g==",
      "dev": true
    },
    "sprintf-js": {
      "version": "1.0.3",
      "resolved": "https://registry.npmjs.org/sprintf-js/-/sprintf-js-1.0.3.tgz",
      "integrity": "sha1-BOaSb2YolTVPPdAVIDYzuFcpfiw="
    },
    "squire-rte": {
      "version": "github:sohee-lee7/Squire#812513279820be381f0182683e01ad7867e140c0",
      "from": "github:sohee-lee7/Squire#812513279820be381f0182683e01ad7867e140c0"
    },
    "style-loader": {
      "version": "0.23.1",
      "resolved": "https://registry.npmjs.org/style-loader/-/style-loader-0.23.1.tgz",
      "integrity": "sha512-XK+uv9kWwhZMZ1y7mysB+zoihsEj4wneFWAS5qoiLwzW0WzSqMrrsIy+a3zkQJq0ipFtBpX5W3MqyRIBF/WFGg==",
      "dev": true,
      "requires": {
        "loader-utils": "^1.1.0",
        "schema-utils": "^1.0.0"
      }
    },
    "supports-color": {
      "version": "6.1.0",
      "resolved": "https://registry.npmjs.org/supports-color/-/supports-color-6.1.0.tgz",
      "integrity": "sha512-qe1jfm1Mg7Nq/NSh6XE24gPXROEVsWHxC1LIx//XNlD9iw7YZQGjZNjYN7xGaEG6iKdA8EtNFW6R0gjnVXp+wQ==",
      "dev": true,
      "requires": {
        "has-flag": "^3.0.0"
      }
    },
    "to-mark": {
      "version": "1.1.7",
      "resolved": "https://registry.npmjs.org/to-mark/-/to-mark-1.1.7.tgz",
      "integrity": "sha512-TX/m+pH6LFhsuLYHZ4YeqZnHzbGAanWgPatgKzJWw8/NEV3AW2rwDlJh6EXeTmE8ezPT/e9sHI6kyiFHz32rLQ=="
    },
    "tui-chart": {
      "version": "3.7.0",
      "resolved": "https://registry.npmjs.org/tui-chart/-/tui-chart-3.7.0.tgz",
      "integrity": "sha512-twrXxK1oqYvcvmPnULPjLdVRyvza3Ab8078HWR0UbTxuXnS8RIliRZY7FbUC1L8Ii9yvWeX3US4OGCSd0iBuJQ==",
      "requires": {
        "babel-polyfill": "^6.26.0",
        "raphael": "git+https://github.com/nhn/raphael.git#2.2.0-c",
        "tui-code-snippet": "^1.5.0"
      }
    },
    "tui-code-snippet": {
      "version": "1.5.1",
      "resolved": "https://registry.npmjs.org/tui-code-snippet/-/tui-code-snippet-1.5.1.tgz",
      "integrity": "sha512-a3udDRNFAJBKz7B/004ew4uyokObOrKpR8o0eq/33qap4i0xCah6SQ3eHDatZ+kdezJxSGEjW0FwewfX0d6PrQ=="
    },
    "tui-color-picker": {
      "version": "2.2.3",
      "resolved": "https://registry.npmjs.org/tui-color-picker/-/tui-color-picker-2.2.3.tgz",
      "integrity": "sha512-TI93kidjl9NMFIJV2RZvHtR093PdvJxNgwnC2L7mWe/SwFAv4rfVOSIYgkYR9hs7+cvUETGmBHvW2Kz60Nzd1g==",
      "requires": {
        "tui-code-snippet": "^1.5.0"
      }
    },
    "tui-editor": {
      "version": "1.4.4-alpha.0",
      "resolved": "https://registry.npmjs.org/tui-editor/-/tui-editor-1.4.4-alpha.0.tgz",
      "integrity": "sha512-AtKeNcl/WBb10+2R9WTYYu0HiG7tAk68S70OPoAdUCBk1w9/3HwondiFoZ7P+VHb2lXkqJc15b+yFMg5WwzqZQ==",
      "requires": {
        "@types/codemirror": "0.0.71",
        "@types/jquery": "^3.3.29",
        "@types/markdown-it": "0.0.7",
        "codemirror": "^5.33.0",
        "highlight.js": "^9.12.0",
        "jquery": "^3.3.1",
        "markdown-it": "^8.4.0",
        "plantuml-encoder": "^1.2.5",
        "resize-observer-polyfill": "^1.5.0",
        "squire-rte": "github:sohee-lee7/Squire#812513279820be381f0182683e01ad7867e140c0",
        "to-mark": "^1.1.7",
        "tui-chart": "^3.0.1",
        "tui-code-snippet": "^1.5.0",
        "tui-color-picker": "^2.2.1"
      }
    },
    "uc.micro": {
      "version": "1.0.6",
      "resolved": "https://registry.npmjs.org/uc.micro/-/uc.micro-1.0.6.tgz",
      "integrity": "sha512-8Y75pvTYkLJW2hWQHXxoqRgV7qb9B+9vFEtidML+7koHUFapnVJAZ6cKs+Qjz5Aw3aZWHMC6u0wJE3At+nSGwA=="
    },
    "uniq": {
      "version": "1.0.1",
      "resolved": "https://registry.npmjs.org/uniq/-/uniq-1.0.1.tgz",
      "integrity": "sha1-sxxa6CVIRKOoKBVBzisEuGWnNP8=",
      "dev": true
    },
    "uri-js": {
      "version": "4.2.2",
      "resolved": "https://registry.npmjs.org/uri-js/-/uri-js-4.2.2.tgz",
      "integrity": "sha512-KY9Frmirql91X2Qgjry0Wd4Y+YTdrdZheS8TFwvkbLWf/G5KNJDCh6pKL5OZctEW4+0Baa5idK2ZQuELRwPznQ==",
      "dev": true,
      "requires": {
        "punycode": "^2.1.0"
      }
    },
    "utf8-bytes": {
      "version": "0.0.1",
      "resolved": "https://registry.npmjs.org/utf8-bytes/-/utf8-bytes-0.0.1.tgz",
      "integrity": "sha1-EWsCVEjJtQAIHN+/H01sbDfYg30="
    }
  }
}
